
Microsoft Visual Studio Solution File, Format Version 12.00
# Visual Studio Version 16
VisualStudioVersion = 16.0.28711.60
MinimumVisualStudioVersion = 10.0.40219.1
Project("{9A19103F-16F7-4668-BE54-9A1E7A4F7556}") = "SpiderServerInLinux", "SpiderServerInLinux\SpiderServerInLinux.csproj", "{57540DB6-EEAE-4F14-B571-A68748A9CD00}"
EndProject
Project("{FAE04EC0-301F-11D3-BF4B-00C04F79EFBC}") = "Client", "Client\Client.csproj", "{CF164D0F-01B9-4AD0-86DE-0F26A9B4461D}"
EndProject
Project("{FAE04EC0-301F-11D3-BF4B-00C04F79EFBC}") = "SpiderServerInLinuxClient", "SpiderServerInLinuxClient\SpiderServerInLinuxClient.csproj", "{E2228AF0-A3B5-4D46-BA83-7719FBA8D321}"
EndProject
Project("{FAE04EC0-301F-11D3-BF4B-00C04F79EFBC}") = "DataBaseRead", "DataBaseRead\DataBaseRead.csproj", "{B2D58759-68BB-4559-A605-D4B581191D4F}"
EndProject
Project("{9A19103F-16F7-4668-BE54-9A1E7A4F7556}") = "Server", "Server\Server.csproj", "{B4B856A4-A98F-4286-B9D5-F9CD1F90EABD}"
EndProject
Project("{9A19103F-16F7-4668-BE54-9A1E7A4F7556}") = "Cowboy.WebSockets", "Cowboy.WebSockets\Cowboy.WebSockets.csproj", "{3A79448C-5D23-4325-8076-576E64BA65BE}"
EndProject
Global
	GlobalSection(SolutionConfigurationPlatforms) = preSolution
		Debug|Any CPU = Debug|Any CPU
		Debug|iPhone = Debug|iPhone
		Debug|iPhoneSimulator = Debug|iPhoneSimulator
		Debug|x64 = Debug|x64
		Debug|x86 = Debug|x86
		Release|Any CPU = Release|Any CPU
		Release|iPhone = Release|iPhone
		Release|iPhoneSimulator = Release|iPhoneSimulator
		Release|x64 = Release|x64
		Release|x86 = Release|x86
		X64|Any CPU = X64|Any CPU
		X64|iPhone = X64|iPhone
		X64|iPhoneSimulator = X64|iPhoneSimulator
		X64|x64 = X64|x64
		X64|x86 = X64|x86
	EndGlobalSection
	GlobalSection(ProjectConfigurationPlatforms) = postSolution
		{57540DB6-EEAE-4F14-B571-A68748A9CD00}.Debug|Any CPU.ActiveCfg = Debug|Any CPU
		{57540DB6-EEAE-4F14-B571-A68748A9CD00}.Debug|Any CPU.Build.0 = Debug|Any CPU
		{57540DB6-EEAE-4F14-B571-A68748A9CD00}.Debug|iPhone.ActiveCfg = Debug|Any CPU
		{57540DB6-EEAE-4F14-B571-A68748A9CD00}.Debug|iPhone.Build.0 = Debug|Any CPU
		{57540DB6-EEAE-4F14-B571-A68748A9CD00}.Debug|iPhoneSimulator.ActiveCfg = Debug|Any CPU
		{57540DB6-EEAE-4F14-B571-A68748A9CD00}.Debug|iPhoneSimulator.Build.0 = Debug|Any CPU
		{57540DB6-EEAE-4F14-B571-A68748A9CD00}.Debug|x64.ActiveCfg = Debug|x64
		{57540DB6-EEAE-4F14-B571-A68748A9CD00}.Debug|x64.Build.0 = Debug|x64
		{57540DB6-EEAE-4F14-B571-A68748A9CD00}.Debug|x86.ActiveCfg = Debug|x86
		{57540DB6-EEAE-4F14-B571-A68748A9CD00}.Debug|x86.Build.0 = Debug|x86
		{57540DB6-EEAE-4F14-B571-A68748A9CD00}.Release|Any CPU.ActiveCfg = Release|Any CPU
		{57540DB6-EEAE-4F14-B571-A68748A9CD00}.Release|Any CPU.Build.0 = Release|Any CPU
		{57540DB6-EEAE-4F14-B571-A68748A9CD00}.Release|iPhone.ActiveCfg = Release|Any CPU
		{57540DB6-EEAE-4F14-B571-A68748A9CD00}.Release|iPhone.Build.0 = Release|Any CPU
		{57540DB6-EEAE-4F14-B571-A68748A9CD00}.Release|iPhoneSimulator.ActiveCfg = Release|Any CPU
		{57540DB6-EEAE-4F14-B571-A68748A9CD00}.Release|iPhoneSimulator.Build.0 = Release|Any CPU
		{57540DB6-EEAE-4F14-B571-A68748A9CD00}.Release|x64.ActiveCfg = Release|x64
		{57540DB6-EEAE-4F14-B571-A68748A9CD00}.Release|x64.Build.0 = Release|x64
		{57540DB6-EEAE-4F14-B571-A68748A9CD00}.Release|x86.ActiveCfg = Release|x86
		{57540DB6-EEAE-4F14-B571-A68748A9CD00}.Release|x86.Build.0 = Release|x86
		{57540DB6-EEAE-4F14-B571-A68748A9CD00}.X64|Any CPU.ActiveCfg = X64|Any CPU
		{57540DB6-EEAE-4F14-B571-A68748A9CD00}.X64|Any CPU.Build.0 = X64|Any CPU
		{57540DB6-EEAE-4F14-B571-A68748A9CD00}.X64|iPhone.ActiveCfg = X64|Any CPU
		{57540DB6-EEAE-4F14-B571-A68748A9CD00}.X64|iPhone.Build.0 = X64|Any CPU
		{57540DB6-EEAE-4F14-B571-A68748A9CD00}.X64|iPhoneSimulator.ActiveCfg = X64|Any CPU
		{57540DB6-EEAE-4F14-B571-A68748A9CD00}.X64|iPhoneSimulator.Build.0 = X64|Any CPU
		{57540DB6-EEAE-4F14-B571-A68748A9CD00}.X64|x64.ActiveCfg = X64|x64
		{57540DB6-EEAE-4F14-B571-A68748A9CD00}.X64|x64.Build.0 = X64|x64
		{57540DB6-EEAE-4F14-B571-A68748A9CD00}.X64|x86.ActiveCfg = X64|x86
		{57540DB6-EEAE-4F14-B571-A68748A9CD00}.X64|x86.Build.0 = X64|x86
		{CF164D0F-01B9-4AD0-86DE-0F26A9B4461D}.Debug|Any CPU.ActiveCfg = Debug|Any CPU
		{CF164D0F-01B9-4AD0-86DE-0F26A9B4461D}.Debug|Any CPU.Build.0 = Debug|Any CPU
		{CF164D0F-01B9-4AD0-86DE-0F26A9B4461D}.Debug|iPhone.ActiveCfg = Debug|Any CPU
		{CF164D0F-01B9-4AD0-86DE-0F26A9B4461D}.Debug|iPhone.Build.0 = Debug|Any CPU
		{CF164D0F-01B9-4AD0-86DE-0F26A9B4461D}.Debug|iPhoneSimulator.ActiveCfg = Debug|Any CPU
		{CF164D0F-01B9-4AD0-86DE-0F26A9B4461D}.Debug|iPhoneSimulator.Build.0 = Debug|Any CPU
		{CF164D0F-01B9-4AD0-86DE-0F26A9B4461D}.Debug|x64.ActiveCfg = Debug|x64
		{CF164D0F-01B9-4AD0-86DE-0F26A9B4461D}.Debug|x64.Build.0 = Debug|x64
		{CF164D0F-01B9-4AD0-86DE-0F26A9B4461D}.Debug|x86.ActiveCfg = Debug|Any CPU
		{CF164D0F-01B9-4AD0-86DE-0F26A9B4461D}.Debug|x86.Build.0 = Debug|Any CPU
		{CF164D0F-01B9-4AD0-86DE-0F26A9B4461D}.Release|Any CPU.ActiveCfg = Release|Any CPU
		{CF164D0F-01B9-4AD0-86DE-0F26A9B4461D}.Release|Any CPU.Build.0 = Release|Any CPU
		{CF164D0F-01B9-4AD0-86DE-0F26A9B4461D}.Release|iPhone.ActiveCfg = Release|Any CPU
		{CF164D0F-01B9-4AD0-86DE-0F26A9B4461D}.Release|iPhone.Build.0 = Release|Any CPU
		{CF164D0F-01B9-4AD0-86DE-0F26A9B4461D}.Release|iPhoneSimulator.ActiveCfg = Release|Any CPU
		{CF164D0F-01B9-4AD0-86DE-0F26A9B4461D}.Release|iPhoneSimulator.Build.0 = Release|Any CPU
		{CF164D0F-01B9-4AD0-86DE-0F26A9B4461D}.Release|x64.ActiveCfg = Release|x64
		{CF164D0F-01B9-4AD0-86DE-0F26A9B4461D}.Release|x64.Build.0 = Release|x64
		{CF164D0F-01B9-4AD0-86DE-0F26A9B4461D}.Release|x86.ActiveCfg = Release|Any CPU
		{CF164D0F-01B9-4AD0-86DE-0F26A9B4461D}.Release|x86.Build.0 = Release|Any CPU
		{CF164D0F-01B9-4AD0-86DE-0F26A9B4461D}.X64|Any CPU.ActiveCfg = Release|Any CPU
		{CF164D0F-01B9-4AD0-86DE-0F26A9B4461D}.X64|Any CPU.Build.0 = Release|Any CPU
		{CF164D0F-01B9-4AD0-86DE-0F26A9B4461D}.X64|iPhone.ActiveCfg = Release|Any CPU
		{CF164D0F-01B9-4AD0-86DE-0F26A9B4461D}.X64|iPhone.Build.0 = Release|Any CPU
		{CF164D0F-01B9-4AD0-86DE-0F26A9B4461D}.X64|iPhoneSimulator.ActiveCfg = Release|Any CPU
		{CF164D0F-01B9-4AD0-86DE-0F26A9B4461D}.X64|iPhoneSimulator.Build.0 = Release|Any CPU
		{CF164D0F-01B9-4AD0-86DE-0F26A9B4461D}.X64|x64.ActiveCfg = Release|x64
		{CF164D0F-01B9-4AD0-86DE-0F26A9B4461D}.X64|x64.Build.0 = Release|x64
		{CF164D0F-01B9-4AD0-86DE-0F26A9B4461D}.X64|x86.ActiveCfg = Release|Any CPU
		{CF164D0F-01B9-4AD0-86DE-0F26A9B4461D}.X64|x86.Build.0 = Release|Any CPU
		{E2228AF0-A3B5-4D46-BA83-7719FBA8D321}.Debug|Any CPU.ActiveCfg = Debug|Any CPU
		{E2228AF0-A3B5-4D46-BA83-7719FBA8D321}.Debug|Any CPU.Build.0 = Debug|Any CPU
		{E2228AF0-A3B5-4D46-BA83-7719FBA8D321}.Debug|iPhone.ActiveCfg = Debug|Any CPU
		{E2228AF0-A3B5-4D46-BA83-7719FBA8D321}.Debug|iPhoneSimulator.ActiveCfg = Debug|Any CPU
		{E2228AF0-A3B5-4D46-BA83-7719FBA8D321}.Debug|x64.ActiveCfg = Debug|Any CPU
		{E2228AF0-A3B5-4D46-BA83-7719FBA8D321}.Debug|x64.Build.0 = Debug|Any CPU
		{E2228AF0-A3B5-4D46-BA83-7719FBA8D321}.Debug|x86.ActiveCfg = Debug|Any CPU
		{E2228AF0-A3B5-4D46-BA83-7719FBA8D321}.Debug|x86.Build.0 = Debug|Any CPU
		{E2228AF0-A3B5-4D46-BA83-7719FBA8D321}.Release|Any CPU.ActiveCfg = Release|Any CPU
		{E2228AF0-A3B5-4D46-BA83-7719FBA8D321}.Release|Any CPU.Build.0 = Release|Any CPU
		{E2228AF0-A3B5-4D46-BA83-7719FBA8D321}.Release|iPhone.ActiveCfg = Release|Any CPU
		{E2228AF0-A3B5-4D46-BA83-7719FBA8D321}.Release|iPhoneSimulator.ActiveCfg = Release|Any CPU
		{E2228AF0-A3B5-4D46-BA83-7719FBA8D321}.Release|x64.ActiveCfg = Release|Any CPU
		{E2228AF0-A3B5-4D46-BA83-7719FBA8D321}.Release|x64.Build.0 = Release|Any CPU
		{E2228AF0-A3B5-4D46-BA83-7719FBA8D321}.Release|x86.ActiveCfg = Release|Any CPU
		{E2228AF0-A3B5-4D46-BA83-7719FBA8D321}.Release|x86.Build.0 = Release|Any CPU
		{E2228AF0-A3B5-4D46-BA83-7719FBA8D321}.X64|Any CPU.ActiveCfg = Release|Any CPU
		{E2228AF0-A3B5-4D46-BA83-7719FBA8D321}.X64|Any CPU.Build.0 = Release|Any CPU
		{E2228AF0-A3B5-4D46-BA83-7719FBA8D321}.X64|iPhone.ActiveCfg = Release|Any CPU
		{E2228AF0-A3B5-4D46-BA83-7719FBA8D321}.X64|iPhoneSimulator.ActiveCfg = Release|Any CPU
		{E2228AF0-A3B5-4D46-BA83-7719FBA8D321}.X64|x64.ActiveCfg = Release|Any CPU
		{E2228AF0-A3B5-4D46-BA83-7719FBA8D321}.X64|x64.Build.0 = Release|Any CPU
		{E2228AF0-A3B5-4D46-BA83-7719FBA8D321}.X64|x86.ActiveCfg = Release|Any CPU
		{E2228AF0-A3B5-4D46-BA83-7719FBA8D321}.X64|x86.Build.0 = Release|Any CPU
		{B2D58759-68BB-4559-A605-D4B581191D4F}.Debug|Any CPU.ActiveCfg = Debug|Any CPU
		{B2D58759-68BB-4559-A605-D4B581191D4F}.Debug|Any CPU.Build.0 = Debug|Any CPU
		{B2D58759-68BB-4559-A605-D4B581191D4F}.Debug|iPhone.ActiveCfg = Debug|Any CPU
		{B2D58759-68BB-4559-A605-D4B581191D4F}.Debug|iPhoneSimulator.ActiveCfg = Debug|Any CPU
		{B2D58759-68BB-4559-A605-D4B581191D4F}.Debug|x64.ActiveCfg = Debug|Any CPU
		{B2D58759-68BB-4559-A605-D4B581191D4F}.Debug|x64.Build.0 = Debug|Any CPU
		{B2D58759-68BB-4559-A605-D4B581191D4F}.Debug|x86.ActiveCfg = Debug|Any CPU
		{B2D58759-68BB-4559-A605-D4B581191D4F}.Debug|x86.Build.0 = Debug|Any CPU
		{B2D58759-68BB-4559-A605-D4B581191D4F}.Release|Any CPU.ActiveCfg = Release|Any CPU
		{B2D58759-68BB-4559-A605-D4B581191D4F}.Release|Any CPU.Build.0 = Release|Any CPU
		{B2D58759-68BB-4559-A605-D4B581191D4F}.Release|iPhone.ActiveCfg = Release|Any CPU
		{B2D58759-68BB-4559-A605-D4B581191D4F}.Release|iPhoneSimulator.ActiveCfg = Release|Any CPU
		{B2D58759-68BB-4559-A605-D4B581191D4F}.Release|x64.ActiveCfg = Release|Any CPU
		{B2D58759-68BB-4559-A605-D4B581191D4F}.Release|x64.Build.0 = Release|Any CPU
		{B2D58759-68BB-4559-A605-D4B581191D4F}.Release|x86.ActiveCfg = Release|Any CPU
		{B2D58759-68BB-4559-A605-D4B581191D4F}.Release|x86.Build.0 = Release|Any CPU
		{B2D58759-68BB-4559-A605-D4B581191D4F}.X64|Any CPU.ActiveCfg = Release|Any CPU
		{B2D58759-68BB-4559-A605-D4B581191D4F}.X64|Any CPU.Build.0 = Release|Any CPU
		{B2D58759-68BB-4559-A605-D4B581191D4F}.X64|iPhone.ActiveCfg = Release|Any CPU
		{B2D58759-68BB-4559-A605-D4B581191D4F}.X64|iPhoneSimulator.ActiveCfg = Release|Any CPU
		{B2D58759-68BB-4559-A605-D4B581191D4F}.X64|x64.ActiveCfg = Release|Any CPU
		{B2D58759-68BB-4559-A605-D4B581191D4F}.X64|x64.Build.0 = Release|Any CPU
		{B2D58759-68BB-4559-A605-D4B581191D4F}.X64|x86.ActiveCfg = Release|Any CPU
		{B2D58759-68BB-4559-A605-D4B581191D4F}.X64|x86.Build.0 = Release|Any CPU
		{B4B856A4-A98F-4286-B9D5-F9CD1F90EABD}.Debug|Any CPU.ActiveCfg = Debug|Any CPU
		{B4B856A4-A98F-4286-B9D5-F9CD1F90EABD}.Debug|Any CPU.Build.0 = Debug|Any CPU
		{B4B856A4-A98F-4286-B9D5-F9CD1F90EABD}.Debug|iPhone.ActiveCfg = Debug|Any CPU
		{B4B856A4-A98F-4286-B9D5-F9CD1F90EABD}.Debug|iPhoneSimulator.ActiveCfg = Debug|Any CPU
		{B4B856A4-A98F-4286-B9D5-F9CD1F90EABD}.Debug|x64.ActiveCfg = Debug|Any CPU
		{B4B856A4-A98F-4286-B9D5-F9CD1F90EABD}.Debug|x64.Build.0 = Debug|Any CPU
		{B4B856A4-A98F-4286-B9D5-F9CD1F90EABD}.Debug|x86.ActiveCfg = Debug|Any CPU
		{B4B856A4-A98F-4286-B9D5-F9CD1F90EABD}.Debug|x86.Build.0 = Debug|Any CPU
		{B4B856A4-A98F-4286-B9D5-F9CD1F90EABD}.Release|Any CPU.ActiveCfg = Release|Any CPU
		{B4B856A4-A98F-4286-B9D5-F9CD1F90EABD}.Release|Any CPU.Build.0 = Release|Any CPU
		{B4B856A4-A98F-4286-B9D5-F9CD1F90EABD}.Release|iPhone.ActiveCfg = Release|Any CPU
		{B4B856A4-A98F-4286-B9D5-F9CD1F90EABD}.Release|iPhoneSimulator.ActiveCfg = Release|Any CPU
		{B4B856A4-A98F-4286-B9D5-F9CD1F90EABD}.Release|x64.ActiveCfg = Release|Any CPU
		{B4B856A4-A98F-4286-B9D5-F9CD1F90EABD}.Release|x64.Build.0 = Release|Any CPU
		{B4B856A4-A98F-4286-B9D5-F9CD1F90EABD}.Release|x86.ActiveCfg = Release|Any CPU
		{B4B856A4-A98F-4286-B9D5-F9CD1F90EABD}.Release|x86.Build.0 = Release|Any CPU
		{B4B856A4-A98F-4286-B9D5-F9CD1F90EABD}.X64|Any CPU.ActiveCfg = Debug|Any CPU
		{B4B856A4-A98F-4286-B9D5-F9CD1F90EABD}.X64|Any CPU.Build.0 = Debug|Any CPU
		{B4B856A4-A98F-4286-B9D5-F9CD1F90EABD}.X64|iPhone.ActiveCfg = Release|Any CPU
		{B4B856A4-A98F-4286-B9D5-F9CD1F90EABD}.X64|iPhoneSimulator.ActiveCfg = Release|Any CPU
		{B4B856A4-A98F-4286-B9D5-F9CD1F90EABD}.X64|x64.ActiveCfg = Debug|Any CPU
		{B4B856A4-A98F-4286-B9D5-F9CD1F90EABD}.X64|x64.Build.0 = Debug|Any CPU
		{B4B856A4-A98F-4286-B9D5-F9CD1F90EABD}.X64|x86.ActiveCfg = Debug|Any CPU
		{B4B856A4-A98F-4286-B9D5-F9CD1F90EABD}.X64|x86.Build.0 = Debug|Any CPU
		{3A79448C-5D23-4325-8076-576E64BA65BE}.Debug|Any CPU.ActiveCfg = Debug|Any CPU
		{3A79448C-5D23-4325-8076-576E64BA65BE}.Debug|Any CPU.Build.0 = Debug|Any CPU
		{3A79448C-5D23-4325-8076-576E64BA65BE}.Debug|iPhone.ActiveCfg = Debug|Any CPU
		{3A79448C-5D23-4325-8076-576E64BA65BE}.Debug|iPhone.Build.0 = Debug|Any CPU
		{3A79448C-5D23-4325-8076-576E64BA65BE}.Debug|iPhoneSimulator.ActiveCfg = Debug|Any CPU
		{3A79448C-5D23-4325-8076-576E64BA65BE}.Debug|iPhoneSimulator.Build.0 = Debug|Any CPU
		{3A79448C-5D23-4325-8076-576E64BA65BE}.Debug|x64.ActiveCfg = Debug|Any CPU
		{3A79448C-5D23-4325-8076-576E64BA65BE}.Debug|x64.Build.0 = Debug|Any CPU
		{3A79448C-5D23-4325-8076-576E64BA65BE}.Debug|x86.ActiveCfg = Debug|Any CPU
		{3A79448C-5D23-4325-8076-576E64BA65BE}.Debug|x86.Build.0 = Debug|Any CPU
		{3A79448C-5D23-4325-8076-576E64BA65BE}.Release|Any CPU.ActiveCfg = Release|Any CPU
		{3A79448C-5D23-4325-8076-576E64BA65BE}.Release|Any CPU.Build.0 = Release|Any CPU
		{3A79448C-5D23-4325-8076-576E64BA65BE}.Release|iPhone.ActiveCfg = Release|Any CPU
		{3A79448C-5D23-4325-8076-576E64BA65BE}.Release|iPhone.Build.0 = Release|Any CPU
		{3A79448C-5D23-4325-8076-576E64BA65BE}.Release|iPhoneSimulator.ActiveCfg = Release|Any CPU
		{3A79448C-5D23-4325-8076-576E64BA65BE}.Release|iPhoneSimulator.Build.0 = Release|Any CPU
		{3A79448C-5D23-4325-8076-576E64BA65BE}.Release|x64.ActiveCfg = Release|Any CPU
		{3A79448C-5D23-4325-8076-576E64BA65BE}.Release|x64.Build.0 = Release|Any CPU
		{3A79448C-5D23-4325-8076-576E64BA65BE}.Release|x86.ActiveCfg = Release|Any CPU
		{3A79448C-5D23-4325-8076-576E64BA65BE}.Release|x86.Build.0 = Release|Any CPU
		{3A79448C-5D23-4325-8076-576E64BA65BE}.X64|Any CPU.ActiveCfg = Debug|Any CPU
		{3A79448C-5D23-4325-8076-576E64BA65BE}.X64|Any CPU.Build.0 = Debug|Any CPU
		{3A79448C-5D23-4325-8076-576E64BA65BE}.X64|iPhone.ActiveCfg = Release|Any CPU
		{3A79448C-5D23-4325-8076-576E64BA65BE}.X64|iPhone.Build.0 = Release|Any CPU
		{3A79448C-5D23-4325-8076-576E64BA65BE}.X64|iPhoneSimulator.ActiveCfg = Release|Any CPU
		{3A79448C-5D23-4325-8076-576E64BA65BE}.X64|iPhoneSimulator.Build.0 = Release|Any CPU
		{3A79448C-5D23-4325-8076-576E64BA65BE}.X64|x64.ActiveCfg = Debug|Any CPU
		{3A79448C-5D23-4325-8076-576E64BA65BE}.X64|x64.Build.0 = Debug|Any CPU
		{3A79448C-5D23-4325-8076-576E64BA65BE}.X64|x86.ActiveCfg = Debug|Any CPU
		{3A79448C-5D23-4325-8076-576E64BA65BE}.X64|x86.Build.0 = Debug|Any CPU
	EndGlobalSection
	GlobalSection(SolutionProperties) = preSolution
		HideSolutionNode = FALSE
	EndGlobalSection
	GlobalSection(ExtensibilityGlobals) = postSolution
		SolutionGuid = {1BC7F15E-3F9C-45B9-BCFD-6544F847F0B2}
	EndGlobalSection
EndGlobal
